// !$*UTF8*$!
{
	archiveVersion = 1;
	classes = {
	};
	objectVersion = 56;
	objects = {

/* Begin PBXBuildFile section */
		3BDE1AD02C180CEF00ADA950 /* AppDelegate.swift in Sources */ = {isa = PBXBuildFile; fileRef = 3BDE1ACF2C180CEF00ADA950 /* AppDelegate.swift */; };
		3BDE1AD22C180CEF00ADA950 /* SceneDelegate.swift in Sources */ = {isa = PBXBuildFile; fileRef = 3BDE1AD12C180CEF00ADA950 /* SceneDelegate.swift */; };
		3BDE1AD42C180CEF00ADA950 /* ViewController.swift in Sources */ = {isa = PBXBuildFile; fileRef = 3BDE1AD32C180CEF00ADA950 /* ViewController.swift */; };
		3BDE1AD72C180CEF00ADA950 /* Main.storyboard in Resources */ = {isa = PBXBuildFile; fileRef = 3BDE1AD52C180CEF00ADA950 /* Main.storyboard */; };
		3BDE1AD92C180CF200ADA950 /* Assets.xcassets in Resources */ = {isa = PBXBuildFile; fileRef = 3BDE1AD82C180CF200ADA950 /* Assets.xcassets */; };
		3BDE1ADC2C180CF200ADA950 /* LaunchScreen.storyboard in Resources */ = {isa = PBXBuildFile; fileRef = 3BDE1ADA2C180CF200ADA950 /* LaunchScreen.storyboard */; };
		3BDE1AE72C180CF200ADA950 /* CalcTests.swift in Sources */ = {isa = PBXBuildFile; fileRef = 3BDE1AE62C180CF200ADA950 /* CalcTests.swift */; };
		3BDE1AF12C180CF200ADA950 /* CalcUITests.swift in Sources */ = {isa = PBXBuildFile; fileRef = 3BDE1AF02C180CF200ADA950 /* CalcUITests.swift */; };
		3BDE1AF32C180CF200ADA950 /* CalcUITestsLaunchTests.swift in Sources */ = {isa = PBXBuildFile; fileRef = 3BDE1AF22C180CF200ADA950 /* CalcUITestsLaunchTests.swift */; };
		3BDE1B002C180D2200ADA950 /* Calculator.swift in Sources */ = {isa = PBXBuildFile; fileRef = 3BDE1AFF2C180D2200ADA950 /* Calculator.swift */; };
		3BDE1B022C1E674700ADA950 /* GitHubRepository.swift in Sources */ = {isa = PBXBuildFile; fileRef = 3BDE1B012C1E674700ADA950 /* GitHubRepository.swift */; };
		3BDE1B042C1E6A5B00ADA950 /* GitHubAPIClient.swift in Sources */ = {isa = PBXBuildFile; fileRef = 3BDE1B032C1E6A5B00ADA950 /* GitHubAPIClient.swift */; };
		3BDE1B072C1E775600ADA950 /* GitHubRepositoryManager.swift in Sources */ = {isa = PBXBuildFile; fileRef = 3BDE1B062C1E775600ADA950 /* GitHubRepositoryManager.swift */; };
		3BDE1B092C1F3DA200ADA950 /* Cell.xib in Resources */ = {isa = PBXBuildFile; fileRef = 3BDE1B082C1F3DA200ADA950 /* Cell.xib */; };
		3BDE1B0B2C1F3F1900ADA950 /* Cell.swift in Sources */ = {isa = PBXBuildFile; fileRef = 3BDE1B0A2C1F3F1900ADA950 /* Cell.swift */; };
		3BDE1B0D2C1FAC1B00ADA950 /* GitHubRepositoryManagerTests.swift in Sources */ = {isa = PBXBuildFile; fileRef = 3BDE1B0C2C1FAC1B00ADA950 /* GitHubRepositoryManagerTests.swift */; };
		3BDE1B0F2C1FAEB800ADA950 /* GitHubRepositoryManagerTests.swift in Sources */ = {isa = PBXBuildFile; fileRef = 3BDE1B0E2C1FAEB800ADA950 /* GitHubRepositoryManagerTests.swift */; };
/* End PBXBuildFile section */

/* Begin PBXContainerItemProxy section */
		3BDE1AE32C180CF200ADA950 /* PBXContainerItemProxy */ = {
			isa = PBXContainerItemProxy;
			containerPortal = 3BDE1AC42C180CEF00ADA950 /* Project object */;
			proxyType = 1;
			remoteGlobalIDString = 3BDE1ACB2C180CEF00ADA950;
			remoteInfo = Calc;
		};
		3BDE1AED2C180CF200ADA950 /* PBXContainerItemProxy */ = {
			isa = PBXContainerItemProxy;
			containerPortal = 3BDE1AC42C180CEF00ADA950 /* Project object */;
			proxyType = 1;
			remoteGlobalIDString = 3BDE1ACB2C180CEF00ADA950;
			remoteInfo = Calc;
		};
/* End PBXContainerItemProxy section */

/* Begin PBXFileReference section */
		3BDE1ACC2C180CEF00ADA950 /* Calc.app */ = {isa = PBXFileReference; explicitFileType = wrapper.application; includeInIndex = 0; path = Calc.app; sourceTree = BUILT_PRODUCTS_DIR; };
		3BDE1ACF2C180CEF00ADA950 /* AppDelegate.swift */ = {isa = PBXFileReference; lastKnownFileType = sourcecode.swift; path = AppDelegate.swift; sourceTree = "<group>"; };
		3BDE1AD12C180CEF00ADA950 /* SceneDelegate.swift */ = {isa = PBXFileReference; lastKnownFileType = sourcecode.swift; path = SceneDelegate.swift; sourceTree = "<group>"; };
		3BDE1AD32C180CEF00ADA950 /* ViewController.swift */ = {isa = PBXFileReference; lastKnownFileType = sourcecode.swift; path = ViewController.swift; sourceTree = "<group>"; };
		3BDE1AD62C180CEF00ADA950 /* Base */ = {isa = PBXFileReference; lastKnownFileType = file.storyboard; name = Base; path = Base.lproj/Main.storyboard; sourceTree = "<group>"; };
		3BDE1AD82C180CF200ADA950 /* Assets.xcassets */ = {isa = PBXFileReference; lastKnownFileType = folder.assetcatalog; path = Assets.xcassets; sourceTree = "<group>"; };
		3BDE1ADB2C180CF200ADA950 /* Base */ = {isa = PBXFileReference; lastKnownFileType = file.storyboard; name = Base; path = Base.lproj/LaunchScreen.storyboard; sourceTree = "<group>"; };
		3BDE1ADD2C180CF200ADA950 /* Info.plist */ = {isa = PBXFileReference; lastKnownFileType = text.plist.xml; path = Info.plist; sourceTree = "<group>"; };
		3BDE1AE22C180CF200ADA950 /* CalcTests.xctest */ = {isa = PBXFileReference; explicitFileType = wrapper.cfbundle; includeInIndex = 0; path = CalcTests.xctest; sourceTree = BUILT_PRODUCTS_DIR; };
		3BDE1AE62C180CF200ADA950 /* CalcTests.swift */ = {isa = PBXFileReference; lastKnownFileType = sourcecode.swift; path = CalcTests.swift; sourceTree = "<group>"; };
		3BDE1AEC2C180CF200ADA950 /* CalcUITests.xctest */ = {isa = PBXFileReference; explicitFileType = wrapper.cfbundle; includeInIndex = 0; path = CalcUITests.xctest; sourceTree = BUILT_PRODUCTS_DIR; };
		3BDE1AF02C180CF200ADA950 /* CalcUITests.swift */ = {isa = PBXFileReference; lastKnownFileType = sourcecode.swift; path = CalcUITests.swift; sourceTree = "<group>"; };
		3BDE1AF22C180CF200ADA950 /* CalcUITestsLaunchTests.swift */ = {isa = PBXFileReference; lastKnownFileType = sourcecode.swift; path = CalcUITestsLaunchTests.swift; sourceTree = "<group>"; };
		3BDE1AFF2C180D2200ADA950 /* Calculator.swift */ = {isa = PBXFileReference; lastKnownFileType = sourcecode.swift; path = Calculator.swift; sourceTree = "<group>"; };
		3BDE1B012C1E674700ADA950 /* GitHubRepository.swift */ = {isa = PBXFileReference; lastKnownFileType = sourcecode.swift; path = GitHubRepository.swift; sourceTree = "<group>"; };
		3BDE1B032C1E6A5B00ADA950 /* GitHubAPIClient.swift */ = {isa = PBXFileReference; lastKnownFileType = sourcecode.swift; path = GitHubAPIClient.swift; sourceTree = "<group>"; };
		3BDE1B062C1E775600ADA950 /* GitHubRepositoryManager.swift */ = {isa = PBXFileReference; lastKnownFileType = sourcecode.swift; path = GitHubRepositoryManager.swift; sourceTree = "<group>"; };
		3BDE1B082C1F3DA200ADA950 /* Cell.xib */ = {isa = PBXFileReference; lastKnownFileType = file.xib; path = Cell.xib; sourceTree = "<group>"; };
		3BDE1B0A2C1F3F1900ADA950 /* Cell.swift */ = {isa = PBXFileReference; lastKnownFileType = sourcecode.swift; path = Cell.swift; sourceTree = "<group>"; };
		3BDE1B0C2C1FAC1B00ADA950 /* GitHubRepositoryManagerTests.swift */ = {isa = PBXFileReference; lastKnownFileType = sourcecode.swift; path = GitHubRepositoryManagerTests.swift; sourceTree = "<group>"; };
		3BDE1B0E2C1FAEB800ADA950 /* GitHubRepositoryManagerTests.swift */ = {isa = PBXFileReference; lastKnownFileType = sourcecode.swift; path = GitHubRepositoryManagerTests.swift; sourceTree = "<group>"; };
/* End PBXFileReference section */

/* Begin PBXFrameworksBuildPhase section */
		3BDE1AC92C180CEF00ADA950 /* Frameworks */ = {
			isa = PBXFrameworksBuildPhase;
			buildActionMask = 2147483647;
			files = (
			);
			runOnlyForDeploymentPostprocessing = 0;
		};
		3BDE1ADF2C180CF200ADA950 /* Frameworks */ = {
			isa = PBXFrameworksBuildPhase;
			buildActionMask = 2147483647;
			files = (
			);
			runOnlyForDeploymentPostprocessing = 0;
		};
		3BDE1AE92C180CF200ADA950 /* Frameworks */ = {
			isa = PBXFrameworksBuildPhase;
			buildActionMask = 2147483647;
			files = (
			);
			runOnlyForDeploymentPostprocessing = 0;
		};
/* End PBXFrameworksBuildPhase section */

/* Begin PBXGroup section */
		3BDE1AC32C180CEF00ADA950 = {
			isa = PBXGroup;
			children = (
				3BDE1ACE2C180CEF00ADA950 /* Calc */,
				3BDE1AE52C180CF200ADA950 /* CalcTests */,
				3BDE1AEF2C180CF200ADA950 /* CalcUITests */,
				3BDE1ACD2C180CEF00ADA950 /* Products */,
			);
			sourceTree = "<group>";
		};
		3BDE1ACD2C180CEF00ADA950 /* Products */ = {
			isa = PBXGroup;
			children = (
				3BDE1ACC2C180CEF00ADA950 /* Calc.app */,
				3BDE1AE22C180CF200ADA950 /* CalcTests.xctest */,
				3BDE1AEC2C180CF200ADA950 /* CalcUITests.xctest */,
			);
			name = Products;
			sourceTree = "<group>";
		};
		3BDE1ACE2C180CEF00ADA950 /* Calc */ = {
			isa = PBXGroup;
			children = (
				3BDE1ACF2C180CEF00ADA950 /* AppDelegate.swift */,
				3BDE1AD12C180CEF00ADA950 /* SceneDelegate.swift */,
				3BDE1B052C1E772F00ADA950 /* API */,
				3BDE1AD32C180CEF00ADA950 /* ViewController.swift */,
				3BDE1AD52C180CEF00ADA950 /* Main.storyboard */,
				3BDE1B082C1F3DA200ADA950 /* Cell.xib */,
				3BDE1B0A2C1F3F1900ADA950 /* Cell.swift */,
				3BDE1AD82C180CF200ADA950 /* Assets.xcassets */,
				3BDE1ADA2C180CF200ADA950 /* LaunchScreen.storyboard */,
				3BDE1ADD2C180CF200ADA950 /* Info.plist */,
				3BDE1AFF2C180D2200ADA950 /* Calculator.swift */,
			);
			path = Calc;
			sourceTree = "<group>";
		};
		3BDE1AE52C180CF200ADA950 /* CalcTests */ = {
			isa = PBXGroup;
			children = (
				3BDE1AE62C180CF200ADA950 /* CalcTests.swift */,
				3BDE1B0E2C1FAEB800ADA950 /* GitHubRepositoryManagerTests.swift */,
			);
			path = CalcTests;
			sourceTree = "<group>";
		};
		3BDE1AEF2C180CF200ADA950 /* CalcUITests */ = {
			isa = PBXGroup;
			children = (
				3BDE1AF02C180CF200ADA950 /* CalcUITests.swift */,
				3BDE1AF22C180CF200ADA950 /* CalcUITestsLaunchTests.swift */,
			);
			path = CalcUITests;
			sourceTree = "<group>";
		};
		3BDE1B052C1E772F00ADA950 /* API */ = {
			isa = PBXGroup;
			children = (
				3BDE1B012C1E674700ADA950 /* GitHubRepository.swift */,
				3BDE1B032C1E6A5B00ADA950 /* GitHubAPIClient.swift */,
				3BDE1B062C1E775600ADA950 /* GitHubRepositoryManager.swift */,
				3BDE1B0C2C1FAC1B00ADA950 /* GitHubRepositoryManagerTests.swift */,
			);
			path = API;
			sourceTree = "<group>";
		};
/* End PBXGroup section */

/* Begin PBXNativeTarget section */
		3BDE1ACB2C180CEF00ADA950 /* Calc */ = {
			isa = PBXNativeTarget;
			buildConfigurationList = 3BDE1AF62C180CF200ADA950 /* Build configuration list for PBXNativeTarget "Calc" */;
			buildPhases = (
				3BDE1AC82C180CEF00ADA950 /* Sources */,
				3BDE1AC92C180CEF00ADA950 /* Frameworks */,
				3BDE1ACA2C180CEF00ADA950 /* Resources */,
			);
			buildRules = (
			);
			dependencies = (
			);
			name = Calc;
			productName = Calc;
			productReference = 3BDE1ACC2C180CEF00ADA950 /* Calc.app */;
			productType = "com.apple.product-type.application";
		};
		3BDE1AE12C180CF200ADA950 /* CalcTests */ = {
			isa = PBXNativeTarget;
			buildConfigurationList = 3BDE1AF92C180CF200ADA950 /* Build configuration list for PBXNativeTarget "CalcTests" */;
			buildPhases = (
				3BDE1ADE2C180CF200ADA950 /* Sources */,
				3BDE1ADF2C180CF200ADA950 /* Frameworks */,
				3BDE1AE02C180CF200ADA950 /* Resources */,
			);
			buildRules = (
			);
			dependencies = (
				3BDE1AE42C180CF200ADA950 /* PBXTargetDependency */,
			);
			name = CalcTests;
			productName = CalcTests;
			productReference = 3BDE1AE22C180CF200ADA950 /* CalcTests.xctest */;
			productType = "com.apple.product-type.bundle.unit-test";
		};
		3BDE1AEB2C180CF200ADA950 /* CalcUITests */ = {
			isa = PBXNativeTarget;
			buildConfigurationList = 3BDE1AFC2C180CF200ADA950 /* Build configuration list for PBXNativeTarget "CalcUITests" */;
			buildPhases = (
				3BDE1AE82C180CF200ADA950 /* Sources */,
				3BDE1AE92C180CF200ADA950 /* Frameworks */,
				3BDE1AEA2C180CF200ADA950 /* Resources */,
			);
			buildRules = (
			);
			dependencies = (
				3BDE1AEE2C180CF200ADA950 /* PBXTargetDependency */,
			);
			name = CalcUITests;
			productName = CalcUITests;
			productReference = 3BDE1AEC2C180CF200ADA950 /* CalcUITests.xctest */;
			productType = "com.apple.product-type.bundle.ui-testing";
		};
/* End PBXNativeTarget section */

/* Begin PBXProject section */
		3BDE1AC42C180CEF00ADA950 /* Project object */ = {
			isa = PBXProject;
			attributes = {
				BuildIndependentTargetsInParallel = 1;
				LastSwiftUpdateCheck = 1520;
				LastUpgradeCheck = 1520;
				TargetAttributes = {
					3BDE1ACB2C180CEF00ADA950 = {
						CreatedOnToolsVersion = 15.2;
					};
					3BDE1AE12C180CF200ADA950 = {
						CreatedOnToolsVersion = 15.2;
						TestTargetID = 3BDE1ACB2C180CEF00ADA950;
					};
					3BDE1AEB2C180CF200ADA950 = {
						CreatedOnToolsVersion = 15.2;
						TestTargetID = 3BDE1ACB2C180CEF00ADA950;
					};
				};
			};
			buildConfigurationList = 3BDE1AC72C180CEF00ADA950 /* Build configuration list for PBXProject "Calc" */;
			compatibilityVersion = "Xcode 14.0";
			developmentRegion = en;
			hasScannedForEncodings = 0;
			knownRegions = (
				en,
				Base,
			);
			mainGroup = 3BDE1AC32C180CEF00ADA950;
			productRefGroup = 3BDE1ACD2C180CEF00ADA950 /* Products */;
			projectDirPath = "";
			projectRoot = "";
			targets = (
				3BDE1ACB2C180CEF00ADA950 /* Calc */,
				3BDE1AE12C180CF200ADA950 /* CalcTests */,
				3BDE1AEB2C180CF200ADA950 /* CalcUITests */,
			);
		};
/* End PBXProject section */

/* Begin PBXResourcesBuildPhase section */
		3BDE1ACA2C180CEF00ADA950 /* Resources */ = {
			isa = PBXResourcesBuildPhase;
			buildActionMask = 2147483647;
			files = (
				3BDE1ADC2C180CF200ADA950 /* LaunchScreen.storyboard in Resources */,
				3BDE1B092C1F3DA200ADA950 /* Cell.xib in Resources */,
				3BDE1AD92C180CF200ADA950 /* Assets.xcassets in Resources */,
				3BDE1AD72C180CEF00ADA950 /* Main.storyboard in Resources */,
			);
			runOnlyForDeploymentPostprocessing = 0;
		};
		3BDE1AE02C180CF200ADA950 /* Resources */ = {
			isa = PBXResourcesBuildPhase;
			buildActionMask = 2147483647;
			files = (
			);
			runOnlyForDeploymentPostprocessing = 0;
		};
		3BDE1AEA2C180CF200ADA950 /* Resources */ = {
			isa = PBXResourcesBuildPhase;
			buildActionMask = 2147483647;
			files = (
			);
			runOnlyForDeploymentPostprocessing = 0;
		};
/* End PBXResourcesBuildPhase section */

/* Begin PBXSourcesBuildPhase section */
		3BDE1AC82C180CEF00ADA950 /* Sources */ = {
			isa = PBXSourcesBuildPhase;
			buildActionMask = 2147483647;
			files = (
				3BDE1AD42C180CEF00ADA950 /* ViewController.swift in Sources */,
				3BDE1B0D2C1FAC1B00ADA950 /* GitHubRepositoryManagerTests.swift in Sources */,
				3BDE1B002C180D2200ADA950 /* Calculator.swift in Sources */,
				3BDE1AD02C180CEF00ADA950 /* AppDelegate.swift in Sources */,
				3BDE1B042C1E6A5B00ADA950 /* GitHubAPIClient.swift in Sources */,
				3BDE1B072C1E775600ADA950 /* GitHubRepositoryManager.swift in Sources */,
				3BDE1B0B2C1F3F1900ADA950 /* Cell.swift in Sources */,
				3BDE1B022C1E674700ADA950 /* GitHubRepository.swift in Sources */,
				3BDE1AD22C180CEF00ADA950 /* SceneDelegate.swift in Sources */,
			);
			runOnlyForDeploymentPostprocessing = 0;
		};
		3BDE1ADE2C180CF200ADA950 /* Sources */ = {
			isa = PBXSourcesBuildPhase;
			buildActionMask = 2147483647;
			files = (
				3BDE1B0F2C1FAEB800ADA950 /* GitHubRepositoryManagerTests.swift in Sources */,
				3BDE1AE72C180CF200ADA950 /* CalcTests.swift in Sources */,
			);
			runOnlyForDeploymentPostprocessing = 0;
		};
		3BDE1AE82C180CF200ADA950 /* Sources */ = {
			isa = PBXSourcesBuildPhase;
			buildActionMask = 2147483647;
			files = (
				3BDE1AF12C180CF200ADA950 /* CalcUITests.swift in Sources */,
				3BDE1AF32C180CF200ADA950 /* CalcUITestsLaunchTests.swift in Sources */,
			);
			runOnlyForDeploymentPostprocessing = 0;
		};
/* End PBXSourcesBuildPhase section */

/* Begin PBXTargetDependency section */
		3BDE1AE42C180CF200ADA950 /* PBXTargetDependency */ = {
			isa = PBXTargetDependency;
			target = 3BDE1ACB2C180CEF00ADA950 /* Calc */;
			targetProxy = 3BDE1AE32C180CF200ADA950 /* PBXContainerItemProxy */;
		};
		3BDE1AEE2C180CF200ADA950 /* PBXTargetDependency */ = {
			isa = PBXTargetDependency;
			target = 3BDE1ACB2C180CEF00ADA950 /* Calc */;
			targetProxy = 3BDE1AED2C180CF200ADA950 /* PBXContainerItemProxy */;
		};
/* End PBXTargetDependency section */

/* Begin PBXVariantGroup section */
		3BDE1AD52C180CEF00ADA950 /* Main.storyboard */ = {
			isa = PBXVariantGroup;
			children = (
				3BDE1AD62C180CEF00ADA950 /* Base */,
			);
			name = Main.storyboard;
			sourceTree = "<group>";
		};
		3BDE1ADA2C180CF200ADA950 /* LaunchScreen.storyboard */ = {
			isa = PBXVariantGroup;
			children = (
				3BDE1ADB2C180CF200ADA950 /* Base */,
			);
			name = LaunchScreen.storyboard;
			sourceTree = "<group>";
		};
/* End PBXVariantGroup section */

/* Begin XCBuildConfiguration section */
		3BDE1AF42C180CF200ADA950 /* Debug */ = {
			isa = XCBuildConfiguration;
			buildSettings = {
				ALWAYS_SEARCH_USER_PATHS = NO;
				ASSETCATALOG_COMPILER_GENERATE_SWIFT_ASSET_SYMBOL_EXTENSIONS = YES;
				CLANG_ANALYZER_NONNULL = YES;
				CLANG_ANALYZER_NUMBER_OBJECT_CONVERSION = YES_AGGRESSIVE;
				CLANG_CXX_LANGUAGE_STANDARD = "gnu++20";
				CLANG_ENABLE_MODULES = YES;
				CLANG_ENABLE_OBJC_ARC = YES;
				CLANG_ENABLE_OBJC_WEAK = YES;
				CLANG_WARN_BLOCK_CAPTURE_AUTORELEASING = YES;
				CLANG_WARN_BOOL_CONVERSION = YES;
				CLANG_WARN_COMMA = YES;
				CLANG_WARN_CONSTANT_CONVERSION = YES;
				CLANG_WARN_DEPRECATED_OBJC_IMPLEMENTATIONS = YES;
				CLANG_WARN_DIRECT_OBJC_ISA_USAGE = YES_ERROR;
				CLANG_WARN_DOCUMENTATION_COMMENTS = YES;
				CLANG_WARN_EMPTY_BODY = YES;
				CLANG_WARN_ENUM_CONVERSION = YES;
				CLANG_WARN_INFINITE_RECURSION = YES;
				CLANG_WARN_INT_CONVERSION = YES;
				CLANG_WARN_NON_LITERAL_NULL_CONVERSION = YES;
				CLANG_WARN_OBJC_IMPLICIT_RETAIN_SELF = YES;
				CLANG_WARN_OBJC_LITERAL_CONVERSION = YES;
				CLANG_WARN_OBJC_ROOT_CLASS = YES_ERROR;
				CLANG_WARN_QUOTED_INCLUDE_IN_FRAMEWORK_HEADER = YES;
				CLANG_WARN_RANGE_LOOP_ANALYSIS = YES;
				CLANG_WARN_STRICT_PROTOTYPES = YES;
				CLANG_WARN_SUSPICIOUS_MOVE = YES;
				CLANG_WARN_UNGUARDED_AVAILABILITY = YES_AGGRESSIVE;
				CLANG_WARN_UNREACHABLE_CODE = YES;
				CLANG_WARN__DUPLICATE_METHOD_MATCH = YES;
				COPY_PHASE_STRIP = NO;
				DEBUG_INFORMATION_FORMAT = dwarf;
				ENABLE_STRICT_OBJC_MSGSEND = YES;
				ENABLE_TESTABILITY = YES;
				ENABLE_USER_SCRIPT_SANDBOXING = YES;
				GCC_C_LANGUAGE_STANDARD = gnu17;
				GCC_DYNAMIC_NO_PIC = NO;
				GCC_NO_COMMON_BLOCKS = YES;
				GCC_OPTIMIZATION_LEVEL = 0;
				GCC_PREPROCESSOR_DEFINITIONS = (
					"DEBUG=1",
					"$(inherited)",
				);
				GCC_WARN_64_TO_32_BIT_CONVERSION = YES;
				GCC_WARN_ABOUT_RETURN_TYPE = YES_ERROR;
				GCC_WARN_UNDECLARED_SELECTOR = YES;
				GCC_WARN_UNINITIALIZED_AUTOS = YES_AGGRESSIVE;
				GCC_WARN_UNUSED_FUNCTION = YES;
				GCC_WARN_UNUSED_VARIABLE = YES;
				IPHONEOS_DEPLOYMENT_TARGET = 17.2;
				LOCALIZATION_PREFERS_STRING_CATALOGS = YES;
				MTL_ENABLE_DEBUG_INFO = INCLUDE_SOURCE;
				MTL_FAST_MATH = YES;
				ONLY_ACTIVE_ARCH = YES;
				SDKROOT = iphoneos;
				SWIFT_ACTIVE_COMPILATION_CONDITIONS = "DEBUG $(inherited)";
				SWIFT_OPTIMIZATION_LEVEL = "-Onone";
			};
			name = Debug;
		};
		3BDE1AF52C180CF200ADA950 /* Release */ = {
			isa = XCBuildConfiguration;
			buildSettings = {
				ALWAYS_SEARCH_USER_PATHS = NO;
				ASSETCATALOG_COMPILER_GENERATE_SWIFT_ASSET_SYMBOL_EXTENSIONS = YES;
				CLANG_ANALYZER_NONNULL = YES;
				CLANG_ANALYZER_NUMBER_OBJECT_CONVERSION = YES_AGGRESSIVE;
				CLANG_CXX_LANGUAGE_STANDARD = "gnu++20";
				CLANG_ENABLE_MODULES = YES;
				CLANG_ENABLE_OBJC_ARC = YES;
				CLANG_ENABLE_OBJC_WEAK = YES;
				CLANG_WARN_BLOCK_CAPTURE_AUTORELEASING = YES;
				CLANG_WARN_BOOL_CONVERSION = YES;
				CLANG_WARN_COMMA = YES;
				CLANG_WARN_CONSTANT_CONVERSION = YES;
				CLANG_WARN_DEPRECATED_OBJC_IMPLEMENTATIONS = YES;
				CLANG_WARN_DIRECT_OBJC_ISA_USAGE = YES_ERROR;
				CLANG_WARN_DOCUMENTATION_COMMENTS = YES;
				CLANG_WARN_EMPTY_BODY = YES;
				CLANG_WARN_ENUM_CONVERSION = YES;
				CLANG_WARN_INFINITE_RECURSION = YES;
				CLANG_WARN_INT_CONVERSION = YES;
				CLANG_WARN_NON_LITERAL_NULL_CONVERSION = YES;
				CLANG_WARN_OBJC_IMPLICIT_RETAIN_SELF = YES;
				CLANG_WARN_OBJC_LITERAL_CONVERSION = YES;
				CLANG_WARN_OBJC_ROOT_CLASS = YES_ERROR;
				CLANG_WARN_QUOTED_INCLUDE_IN_FRAMEWORK_HEADER = YES;
				CLANG_WARN_RANGE_LOOP_ANALYSIS = YES;
				CLANG_WARN_STRICT_PROTOTYPES = YES;
				CLANG_WARN_SUSPICIOUS_MOVE = YES;
				CLANG_WARN_UNGUARDED_AVAILABILITY = YES_AGGRESSIVE;
				CLANG_WARN_UNREACHABLE_CODE = YES;
				CLANG_WARN__DUPLICATE_METHOD_MATCH = YES;
				COPY_PHASE_STRIP = NO;
				DEBUG_INFORMATION_FORMAT = "dwarf-with-dsym";
				ENABLE_NS_ASSERTIONS = NO;
				ENABLE_STRICT_OBJC_MSGSEND = YES;
				ENABLE_USER_SCRIPT_SANDBOXING = YES;
				GCC_C_LANGUAGE_STANDARD = gnu17;
				GCC_NO_COMMON_BLOCKS = YES;
				GCC_WARN_64_TO_32_BIT_CONVERSION = YES;
				GCC_WARN_ABOUT_RETURN_TYPE = YES_ERROR;
				GCC_WARN_UNDECLARED_SELECTOR = YES;
				GCC_WARN_UNINITIALIZED_AUTOS = YES_AGGRESSIVE;
				GCC_WARN_UNUSED_FUNCTION = YES;
				GCC_WARN_UNUSED_VARIABLE = YES;
				IPHONEOS_DEPLOYMENT_TARGET = 17.2;
				LOCALIZATION_PREFERS_STRING_CATALOGS = YES;
				MTL_ENABLE_DEBUG_INFO = NO;
				MTL_FAST_MATH = YES;
				SDKROOT = iphoneos;
				SWIFT_COMPILATION_MODE = wholemodule;
				VALIDATE_PRODUCT = YES;
			};
			name = Release;
		};
		3BDE1AF72C180CF200ADA950 /* Debug */ = {
			isa = XCBuildConfiguration;
			buildSettings = {
				ASSETCATALOG_COMPILER_APPICON_NAME = AppIcon;
				ASSETCATALOG_COMPILER_GLOBAL_ACCENT_COLOR_NAME = AccentColor;
				CODE_SIGN_STYLE = Automatic;
				CURRENT_PROJECT_VERSION = 1;
				DEVELOPMENT_TEAM = DW275526Z6;
				GENERATE_INFOPLIST_FILE = YES;
				INFOPLIST_FILE = Calc/Info.plist;
				INFOPLIST_KEY_UIApplicationSupportsIndirectInputEvents = YES;
				INFOPLIST_KEY_UILaunchStoryboardName = LaunchScreen;
				INFOPLIST_KEY_UIMainStoryboardFile = Main;
				INFOPLIST_KEY_UISupportedInterfaceOrientations_iPad = "UIInterfaceOrientationPortrait UIInterfaceOrientationPortraitUpsideDown UIInterfaceOrientationLandscapeLeft UIInterfaceOrientationLandscapeRight";
				INFOPLIST_KEY_UISupportedInterfaceOrientations_iPhone = "UIInterfaceOrientationPortrait UIInterfaceOrientationLandscapeLeft UIInterfaceOrientationLandscapeRight";
				IPHONEOS_DEPLOYMENT_TARGET = 15.0;
				LD_RUNPATH_SEARCH_PATHS = (
					"$(inherited)",
					"@executable_path/Frameworks",
				);
				MARKETING_VERSION = 1.0;
				PRODUCT_BUNDLE_IDENTIFIER = com.imael.Calc;
				PRODUCT_NAME = "$(TARGET_NAME)";
				SWIFT_EMIT_LOC_STRINGS = YES;
				SWIFT_VERSION = 5.0;
				TARGETED_DEVICE_FAMILY = "1,2";
			};
			name = Debug;
		};
		3BDE1AF82C180CF200ADA950 /* Release */ = {
			isa = XCBuildConfiguration;
			buildSettings = {
				ASSETCATALOG_COMPILER_APPICON_NAME = AppIcon;
				ASSETCATALOG_COMPILER_GLOBAL_ACCENT_COLOR_NAME = AccentColor;
				CODE_SIGN_STYLE = Automatic;
				CURRENT_PROJECT_VERSION = 1;
				DEVELOPMENT_TEAM = DW275526Z6;
				GENERATE_INFOPLIST_FILE = YES;
				INFOPLIST_FILE = Calc/Info.plist;
				INFOPLIST_KEY_UIApplicationSupportsIndirectInputEvents = YES;
				INFOPLIST_KEY_UILaunchStoryboardName = LaunchScreen;
				INFOPLIST_KEY_UIMainStoryboardFile = Main;
				INFOPLIST_KEY_UISupportedInterfaceOrientations_iPad = "UIInterfaceOrientationPortrait UIInterfaceOrientationPortraitUpsideDown UIInterfaceOrientationLandscapeLeft UIInterfaceOrientationLandscapeRight";
				INFOPLIST_KEY_UISupportedInterfaceOrientations_iPhone = "UIInterfaceOrientationPortrait UIInterfaceOrientationLandscapeLeft UIInterfaceOrientationLandscapeRight";
				IPHONEOS_DEPLOYMENT_TARGET = 15.0;
				LD_RUNPATH_SEARCH_PATHS = (
					"$(inherited)",
					"@executable_path/Frameworks",
				);
				MARKETING_VERSION = 1.0;
				PRODUCT_BUNDLE_IDENTIFIER = com.imael.Calc;
				PRODUCT_NAME = "$(TARGET_NAME)";
				SWIFT_EMIT_LOC_STRINGS = YES;
				SWIFT_VERSION = 5.0;
				TARGETED_DEVICE_FAMILY = "1,2";
			};
			name = Release;
		};
		3BDE1AFA2C180CF200ADA950 /* Debug */ = {
			isa = XCBuildConfiguration;
			buildSettings = {
				ALWAYS_EMBED_SWIFT_STANDARD_LIBRARIES = YES;
				BUNDLE_LOADER = "$(TEST_HOST)";
				CODE_SIGN_STYLE = Automatic;
				CURRENT_PROJECT_VERSION = 1;
				DEVELOPMENT_TEAM = DW275526Z6;
				GENERATE_INFOPLIST_FILE = YES;
				IPHONEOS_DEPLOYMENT_TARGET = 17.2;
				MARKETING_VERSION = 1.0;
				PRODUCT_BUNDLE_IDENTIFIER = com.imael.CalcTests;
				PRODUCT_NAME = "$(TARGET_NAME)";
				SWIFT_EMIT_LOC_STRINGS = NO;
				SWIFT_VERSION = 5.0;
				TARGETED_DEVICE_FAMILY = "1,2";
				TEST_HOST = "$(BUILT_PRODUCTS_DIR)/Calc.app/$(BUNDLE_EXECUTABLE_FOLDER_PATH)/Calc";
			};
			name = Debug;
		};
		3BDE1AFB2C180CF200ADA950 /* Release */ = {
			isa = XCBuildConfiguration;
			buildSettings = {
				ALWAYS_EMBED_SWIFT_STANDARD_LIBRARIES = YES;
				BUNDLE_LOADER = "$(TEST_HOST)";
				CODE_SIGN_STYLE = Automatic;
				CURRENT_PROJECT_VERSION = 1;
				DEVELOPMENT_TEAM = DW275526Z6;
				GENERATE_INFOPLIST_FILE = YES;
				IPHONEOS_DEPLOYMENT_TARGET = 17.2;
				MARKETING_VERSION = 1.0;
				PRODUCT_BUNDLE_IDENTIFIER = com.imael.CalcTests;
				PRODUCT_NAME = "$(TARGET_NAME)";
				SWIFT_EMIT_LOC_STRINGS = NO;
				SWIFT_VERSION = 5.0;
				TARGETED_DEVICE_FAMILY = "1,2";
				TEST_HOST = "$(BUILT_PRODUCTS_DIR)/Calc.app/$(BUNDLE_EXECUTABLE_FOLDER_PATH)/Calc";
			};
			name = Release;
		};
		3BDE1AFD2C180CF200ADA950 /* Debug */ = {
			isa = XCBuildConfiguration;
			buildSettings = {
				ALWAYS_EMBED_SWIFT_STANDARD_LIBRARIES = YES;
				CODE_SIGN_STYLE = Automatic;
				CURRENT_PROJECT_VERSION = 1;
				DEVELOPMENT_TEAM = DW275526Z6;
				GENERATE_INFOPLIST_FILE = YES;
				MARKETING_VERSION = 1.0;
				PRODUCT_BUNDLE_IDENTIFIER = com.imael.CalcUITests;
				PRODUCT_NAME = "$(TARGET_NAME)";
				SWIFT_EMIT_LOC_STRINGS = NO;
				SWIFT_VERSION = 5.0;
				TARGETED_DEVICE_FAMILY = "1,2";
				TEST_TARGET_NAME = Calc;
			};
			name = Debug;
		};
		3BDE1AFE2C180CF200ADA950 /* Release */ = {
			isa = XCBuildConfiguration;
			buildSettings = {
				ALWAYS_EMBED_SWIFT_STANDARD_LIBRARIES = YES;
				CODE_SIGN_STYLE = Automatic;
				CURRENT_PROJECT_VERSION = 1;
				DEVELOPMENT_TEAM = DW275526Z6;
				GENERATE_INFOPLIST_FILE = YES;
				MARKETING_VERSION = 1.0;
				PRODUCT_BUNDLE_IDENTIFIER = com.imael.CalcUITests;
				PRODUCT_NAME = "$(TARGET_NAME)";
				SWIFT_EMIT_LOC_STRINGS = NO;
				SWIFT_VERSION = 5.0;
				TARGETED_DEVICE_FAMILY = "1,2";
				TEST_TARGET_NAME = Calc;
			};
			name = Release;
		};
/* End XCBuildConfiguration section */

/* Begin XCConfigurationList section */
		3BDE1AC72C180CEF00ADA950 /* Build configuration list for PBXProject "Calc" */ = {
			isa = XCConfigurationList;
			buildConfigurations = (
				3BDE1AF42C180CF200ADA950 /* Debug */,
				3BDE1AF52C180CF200ADA950 /* Release */,
			);
			defaultConfigurationIsVisible = 0;
			defaultConfigurationName = Release;
		};
		3BDE1AF62C180CF200ADA950 /* Build configuration list for PBXNativeTarget "Calc" */ = {
			isa = XCConfigurationList;
			buildConfigurations = (
				3BDE1AF72C180CF200ADA950 /* Debug */,
				3BDE1AF82C180CF200ADA950 /* Release */,
			);
			defaultConfigurationIsVisible = 0;
			defaultConfigurationName = Release;
		};
		3BDE1AF92C180CF200ADA950 /* Build configuration list for PBXNativeTarget "CalcTests" */ = {
			isa = XCConfigurationList;
			buildConfigurations = (
				3BDE1AFA2C180CF200ADA950 /* Debug */,
				3BDE1AFB2C180CF200ADA950 /* Release */,
			);
			defaultConfigurationIsVisible = 0;
			defaultConfigurationName = Release;
		};
		3BDE1AFC2C180CF200ADA950 /* Build configuration list for PBXNativeTarget "CalcUITests" */ = {
			isa = XCConfigurationList;
			buildConfigurations = (
				3BDE1AFD2C180CF200ADA950 /* Debug */,
				3BDE1AFE2C180CF200ADA950 /* Release */,
			);
			defaultConfigurationIsVisible = 0;
			defaultConfigurationName = Release;
		};
/* End XCConfigurationList section */
	};
	rootObject = 3BDE1AC42C180CEF00ADA950 /* Project object */;
}
